
Microsoft Visual Studio Solution File, Format Version 12.00
# Visual Studio Version 16
VisualStudioVersion = 16.0.29411.108
MinimumVisualStudioVersion = 10.0.40219.1
Project("{FAE04EC0-301F-11D3-BF4B-00C04F79EFBC}") = "DictionaryExample1", "DictionaryExample1.csproj", "{A39E26FF-7198-45B6-B963-56ABF321AD22}"
EndProject
Global
	GlobalSection(SolutionConfigurationPlatforms) = preSolution
		Debug|Any CPU = Debug|Any CPU
		Release|Any CPU = Release|Any CPU
	EndGlobalSection
	GlobalSection(ProjectConfigurationPlatforms) = postSolution
		{A39E26FF-7198-45B6-B963-56ABF321AD22}.Debug|Any CPU.ActiveCfg = Debug|Any CPU
		{A39E26FF-7198-45B6-B963-56ABF321AD22}.Debug|Any CPU.Build.0 = Debug|Any CPU
		{A39E26FF-7198-45B6-B963-56ABF321AD22}.Release|Any CPU.ActiveCfg = Release|Any CPU
		{A39E26FF-7198-45B6-B963-56ABF321AD22}.Release|Any CPU.Build.0 = Release|Any CPU
	EndGlobalSection
	GlobalSection(SolutionProperties) = preSolution
		HideSolutionNode = FALSE
	EndGlobalSection
	GlobalSection(ExtensibilityGlobals) = postSolution
		SolutionGuid = {0E7BF454-3DA4-41C4-869B-36AB2FE97036}
	EndGlobalSection
EndGlobal
