
Microsoft Visual Studio Solution File, Format Version 12.00
# Visual Studio Version 16
VisualStudioVersion = 16.0.29418.71
MinimumVisualStudioVersion = 10.0.40219.1
Project("{FAE04EC0-301F-11D3-BF4B-00C04F79EFBC}") = "DelegateMethods", "DelegateMethods.csproj", "{F189DB51-0C29-449F-9917-BD86606881B9}"
EndProject
Global
	GlobalSection(SolutionConfigurationPlatforms) = preSolution
		Debug|Any CPU = Debug|Any CPU
		Release|Any CPU = Release|Any CPU
	EndGlobalSection
	GlobalSection(ProjectConfigurationPlatforms) = postSolution
		{F189DB51-0C29-449F-9917-BD86606881B9}.Debug|Any CPU.ActiveCfg = Debug|Any CPU
		{F189DB51-0C29-449F-9917-BD86606881B9}.Debug|Any CPU.Build.0 = Debug|Any CPU
		{F189DB51-0C29-449F-9917-BD86606881B9}.Release|Any CPU.ActiveCfg = Release|Any CPU
		{F189DB51-0C29-449F-9917-BD86606881B9}.Release|Any CPU.Build.0 = Release|Any CPU
	EndGlobalSection
	GlobalSection(SolutionProperties) = preSolution
		HideSolutionNode = FALSE
	EndGlobalSection
	GlobalSection(ExtensibilityGlobals) = postSolution
		SolutionGuid = {1C4A05B6-7B27-40CE-9757-8DCADC3D04C7}
	EndGlobalSection
EndGlobal
