
Microsoft Visual Studio Solution File, Format Version 12.00
# Visual Studio Version 16
VisualStudioVersion = 16.0.29326.143
MinimumVisualStudioVersion = 10.0.40219.1
Project("{FAE04EC0-301F-11D3-BF4B-00C04F79EFBC}") = "WhileLoop", "WhileLoop.csproj", "{D197C008-F9D3-417C-ADD5-C711B9E01FAF}"
EndProject
Global
	GlobalSection(SolutionConfigurationPlatforms) = preSolution
		Debug|Any CPU = Debug|Any CPU
		Release|Any CPU = Release|Any CPU
	EndGlobalSection
	GlobalSection(ProjectConfigurationPlatforms) = postSolution
		{D197C008-F9D3-417C-ADD5-C711B9E01FAF}.Debug|Any CPU.ActiveCfg = Debug|Any CPU
		{D197C008-F9D3-417C-ADD5-C711B9E01FAF}.Debug|Any CPU.Build.0 = Debug|Any CPU
		{D197C008-F9D3-417C-ADD5-C711B9E01FAF}.Release|Any CPU.ActiveCfg = Release|Any CPU
		{D197C008-F9D3-417C-ADD5-C711B9E01FAF}.Release|Any CPU.Build.0 = Release|Any CPU
	EndGlobalSection
	GlobalSection(SolutionProperties) = preSolution
		HideSolutionNode = FALSE
	EndGlobalSection
	GlobalSection(ExtensibilityGlobals) = postSolution
		SolutionGuid = {16BB53A1-549D-4E54-B3BC-E7EF387B8AB7}
	EndGlobalSection
EndGlobal
