
Microsoft Visual Studio Solution File, Format Version 12.00
# Visual Studio Version 16
VisualStudioVersion = 16.0.29411.108
MinimumVisualStudioVersion = 10.0.40219.1
Project("{FAE04EC0-301F-11D3-BF4B-00C04F79EFBC}") = "MTask1", "MTask1.csproj", "{3E554046-DA5C-49BA-8B72-4EBF6B8771D9}"
EndProject
Global
	GlobalSection(SolutionConfigurationPlatforms) = preSolution
		Debug|Any CPU = Debug|Any CPU
		Release|Any CPU = Release|Any CPU
	EndGlobalSection
	GlobalSection(ProjectConfigurationPlatforms) = postSolution
		{3E554046-DA5C-49BA-8B72-4EBF6B8771D9}.Debug|Any CPU.ActiveCfg = Debug|Any CPU
		{3E554046-DA5C-49BA-8B72-4EBF6B8771D9}.Debug|Any CPU.Build.0 = Debug|Any CPU
		{3E554046-DA5C-49BA-8B72-4EBF6B8771D9}.Release|Any CPU.ActiveCfg = Release|Any CPU
		{3E554046-DA5C-49BA-8B72-4EBF6B8771D9}.Release|Any CPU.Build.0 = Release|Any CPU
	EndGlobalSection
	GlobalSection(SolutionProperties) = preSolution
		HideSolutionNode = FALSE
	EndGlobalSection
	GlobalSection(ExtensibilityGlobals) = postSolution
		SolutionGuid = {28771EDB-48BE-4CBC-9773-2C69621839E0}
	EndGlobalSection
EndGlobal
